{
  "name": "grpcwebunity",
  "version": "1.0.0",
  "lockfileVersion": 1,
  "requires": true,
  "dependencies": {
    "@protobuf-ts/grpcweb-transport": {
      "version": "2.0.1",
      "resolved": "https://registry.npmjs.org/@protobuf-ts/grpcweb-transport/-/grpcweb-transport-2.0.1.tgz",
      "integrity": "sha512-ZGBE6G026j/LptEliaqkJEmTnZw3fyAk9kIBM07e7Mv+Q0yXBmKWFbPD+n8hNh6kOyWcnfw/48H50FL5h3UXog==",
      "requires": {
        "@protobuf-ts/runtime": "^2.0.1",
        "@protobuf-ts/runtime-rpc": "^2.0.1"
      }
    },
    "@protobuf-ts/runtime": {
      "version": "2.0.1",
      "resolved": "https://registry.npmjs.org/@protobuf-ts/runtime/-/runtime-2.0.1.tgz",
      "integrity": "sha512-iYsRGdr35Bta2ZxgyLyL7YWVnzn/gYZ4cv+CxIZnfz27XJ9hxOsx8e/4kQjcAopyw/lGzI9uGJXocXIUVhDK5Q=="
    },
    "@protobuf-ts/runtime-rpc": {
      "version": "2.0.1",
      "resolved": "https://registry.npmjs.org/@protobuf-ts/runtime-rpc/-/runtime-rpc-2.0.1.tgz",
      "integrity": "sha512-LMryF3lHDb7S+5Dy82Xn9cqO84Nfo8DP3y4uEf2ZNgGa2IYwllFnzjvIHg8eqZ1oxErZN4edAu+dvyNau4TQ5g==",
      "requires": {
        "@protobuf-ts/runtime": "^2.0.1"
      }
    },
    "@types/emscripten": {
      "version": "1.39.5",
      "resolved": "https://registry.npmjs.org/@types/emscripten/-/emscripten-1.39.5.tgz",
      "integrity": "sha512-DIOOg+POSrYl+OlNRHQuIEqCd8DCtynG57H862UCce16nXJX7J8eWxNGgOcf8Eyge8zXeSs27mz1UcFu8L/L7g=="
    },
    "esbuild": {
      "version": "0.12.19",
      "resolved": "https://registry.npmjs.org/esbuild/-/esbuild-0.12.19.tgz",
      "integrity": "sha512-5NuT1G6THW7l3fsSCDkcPepn24R0XtyPjKoqKHD8LfhqMXzCdz0mrS9HgO6hIhzVT7zt0T+JGbzCqF5AH8hS9w=="
    },
    "typescript": {
      "version": "4.3.5",
      "resolved": "https://registry.npmjs.org/typescript/-/typescript-4.3.5.tgz",
      "integrity": "sha512-DqQgihaQ9cUrskJo9kIyW/+g0Vxsk8cDtZ52a3NGh0YNTfpUSArXSohyUGnvbPazEPLu398C0UxmKSOrPumUzA=="
    }
  }
}
